{
  "name": "autobridge",
  "version": "1.0.0",
  "lockfileVersion": 3,
  "requires": true,
  "packages": {
    "": {
      "name": "autobridge",
      "version": "1.0.0",
      "license": "ISC",
      "dependencies": {
        "minecraft-data": "^3.111.0"
      }
    },
    "node_modules/minecraft-data": {
      "version": "3.111.0",
      "resolved": "https://registry.npmmirror.com/minecraft-data/-/minecraft-data-3.111.0.tgz",
      "integrity": "sha512-0kKHqNZL/D1IbH7tJXBJ3z7YSn1/ylnWWR7X2zFwtEV+yr23nimItpGjP3o8UaLYrC+OV1gKLFQoew03XvJyoA==",
      "license": "MIT"
    }
  }
}
